
Microsoft Visual Studio Solution File, Format Version 12.00
# Visual Studio 15
VisualStudioVersion = 15.0.28307.572
MinimumVisualStudioVersion = 10.0.40219.1
Project("{FAE04EC0-301F-11D3-BF4B-00C04F79EFBC}") = "Facturar.Android", "Facturar\Facturar.Android\Facturar.Android.csproj", "{8A2B1553-D048-4C4C-B5A5-A4141854EA92}"
EndProject
Project("{FAE04EC0-301F-11D3-BF4B-00C04F79EFBC}") = "Facturar.iOS", "Facturar\Facturar.iOS\Facturar.iOS.csproj", "{89A64408-4B2B-4789-8599-354CE86FB194}"
EndProject
Project("{FAE04EC0-301F-11D3-BF4B-00C04F79EFBC}") = "Facturar.UWP", "Facturar\Facturar.UWP\Facturar.UWP.csproj", "{C7FFD57F-B506-4FF4-9F4A-3D34DDBECFC2}"
EndProject
Project("{9A19103F-16F7-4668-BE54-9A1E7A4F7556}") = "Facturar", "Facturar\Facturar\Facturar.csproj", "{4018B26C-7D22-4AE2-92F0-42FC69BF9620}"
EndProject
Project("{9A19103F-16F7-4668-BE54-9A1E7A4F7556}") = "Facturar.CFDI", "Facturar.CFDI\Facturar.CFDI.csproj", "{4A7A0012-FC37-478D-8884-35DD691A2CFD}"
EndProject
Project("{9A19103F-16F7-4668-BE54-9A1E7A4F7556}") = "Facturar.Timbrado", "Facturar.Timbrado\Facturar.Timbrado.csproj", "{7CA289C3-61E4-459F-AAF1-89A77627AF66}"
EndProject
Project("{FAE04EC0-301F-11D3-BF4B-00C04F79EFBC}") = "App1.windows", "App1.windows\App1.windows.csproj", "{E6007C35-858C-42E6-B214-D6C01FD8113E}"
EndProject
Global
	GlobalSection(SolutionConfigurationPlatforms) = preSolution
		Ad-Hoc|Any CPU = Ad-Hoc|Any CPU
		Ad-Hoc|ARM = Ad-Hoc|ARM
		Ad-Hoc|iPhone = Ad-Hoc|iPhone
		Ad-Hoc|iPhoneSimulator = Ad-Hoc|iPhoneSimulator
		Ad-Hoc|x64 = Ad-Hoc|x64
		Ad-Hoc|x86 = Ad-Hoc|x86
		AppStore|Any CPU = AppStore|Any CPU
		AppStore|ARM = AppStore|ARM
		AppStore|iPhone = AppStore|iPhone
		AppStore|iPhoneSimulator = AppStore|iPhoneSimulator
		AppStore|x64 = AppStore|x64
		AppStore|x86 = AppStore|x86
		Debug|Any CPU = Debug|Any CPU
		Debug|ARM = Debug|ARM
		Debug|iPhone = Debug|iPhone
		Debug|iPhoneSimulator = Debug|iPhoneSimulator
		Debug|x64 = Debug|x64
		Debug|x86 = Debug|x86
		Release|Any CPU = Release|Any CPU
		Release|ARM = Release|ARM
		Release|iPhone = Release|iPhone
		Release|iPhoneSimulator = Release|iPhoneSimulator
		Release|x64 = Release|x64
		Release|x86 = Release|x86
	EndGlobalSection
	GlobalSection(ProjectConfigurationPlatforms) = postSolution
		{8A2B1553-D048-4C4C-B5A5-A4141854EA92}.Ad-Hoc|Any CPU.ActiveCfg = Release|Any CPU
		{8A2B1553-D048-4C4C-B5A5-A4141854EA92}.Ad-Hoc|Any CPU.Build.0 = Release|Any CPU
		{8A2B1553-D048-4C4C-B5A5-A4141854EA92}.Ad-Hoc|Any CPU.Deploy.0 = Release|Any CPU
		{8A2B1553-D048-4C4C-B5A5-A4141854EA92}.Ad-Hoc|ARM.ActiveCfg = Release|Any CPU
		{8A2B1553-D048-4C4C-B5A5-A4141854EA92}.Ad-Hoc|ARM.Build.0 = Release|Any CPU
		{8A2B1553-D048-4C4C-B5A5-A4141854EA92}.Ad-Hoc|ARM.Deploy.0 = Release|Any CPU
		{8A2B1553-D048-4C4C-B5A5-A4141854EA92}.Ad-Hoc|iPhone.ActiveCfg = Release|Any CPU
		{8A2B1553-D048-4C4C-B5A5-A4141854EA92}.Ad-Hoc|iPhone.Build.0 = Release|Any CPU
		{8A2B1553-D048-4C4C-B5A5-A4141854EA92}.Ad-Hoc|iPhone.Deploy.0 = Release|Any CPU
		{8A2B1553-D048-4C4C-B5A5-A4141854EA92}.Ad-Hoc|iPhoneSimulator.ActiveCfg = Release|Any CPU
		{8A2B1553-D048-4C4C-B5A5-A4141854EA92}.Ad-Hoc|iPhoneSimulator.Build.0 = Release|Any CPU
		{8A2B1553-D048-4C4C-B5A5-A4141854EA92}.Ad-Hoc|iPhoneSimulator.Deploy.0 = Release|Any CPU
		{8A2B1553-D048-4C4C-B5A5-A4141854EA92}.Ad-Hoc|x64.ActiveCfg = Release|Any CPU
		{8A2B1553-D048-4C4C-B5A5-A4141854EA92}.Ad-Hoc|x64.Build.0 = Release|Any CPU
		{8A2B1553-D048-4C4C-B5A5-A4141854EA92}.Ad-Hoc|x64.Deploy.0 = Release|Any CPU
		{8A2B1553-D048-4C4C-B5A5-A4141854EA92}.Ad-Hoc|x86.ActiveCfg = Release|Any CPU
		{8A2B1553-D048-4C4C-B5A5-A4141854EA92}.Ad-Hoc|x86.Build.0 = Release|Any CPU
		{8A2B1553-D048-4C4C-B5A5-A4141854EA92}.Ad-Hoc|x86.Deploy.0 = Release|Any CPU
		{8A2B1553-D048-4C4C-B5A5-A4141854EA92}.AppStore|Any CPU.ActiveCfg = Release|Any CPU
		{8A2B1553-D048-4C4C-B5A5-A4141854EA92}.AppStore|Any CPU.Build.0 = Release|Any CPU
		{8A2B1553-D048-4C4C-B5A5-A4141854EA92}.AppStore|Any CPU.Deploy.0 = Release|Any CPU
		{8A2B1553-D048-4C4C-B5A5-A4141854EA92}.AppStore|ARM.ActiveCfg = Release|Any CPU
		{8A2B1553-D048-4C4C-B5A5-A4141854EA92}.AppStore|ARM.Build.0 = Release|Any CPU
		{8A2B1553-D048-4C4C-B5A5-A4141854EA92}.AppStore|ARM.Deploy.0 = Release|Any CPU
		{8A2B1553-D048-4C4C-B5A5-A4141854EA92}.AppStore|iPhone.ActiveCfg = Release|Any CPU
		{8A2B1553-D048-4C4C-B5A5-A4141854EA92}.AppStore|iPhone.Build.0 = Release|Any CPU
		{8A2B1553-D048-4C4C-B5A5-A4141854EA92}.AppStore|iPhone.Deploy.0 = Release|Any CPU
		{8A2B1553-D048-4C4C-B5A5-A4141854EA92}.AppStore|iPhoneSimulator.ActiveCfg = Release|Any CPU
		{8A2B1553-D048-4C4C-B5A5-A4141854EA92}.AppStore|iPhoneSimulator.Build.0 = Release|Any CPU
		{8A2B1553-D048-4C4C-B5A5-A4141854EA92}.AppStore|iPhoneSimulator.Deploy.0 = Release|Any CPU
		{8A2B1553-D048-4C4C-B5A5-A4141854EA92}.AppStore|x64.ActiveCfg = Release|Any CPU
		{8A2B1553-D048-4C4C-B5A5-A4141854EA92}.AppStore|x64.Build.0 = Release|Any CPU
		{8A2B1553-D048-4C4C-B5A5-A4141854EA92}.AppStore|x64.Deploy.0 = Release|Any CPU
		{8A2B1553-D048-4C4C-B5A5-A4141854EA92}.AppStore|x86.ActiveCfg = Release|Any CPU
		{8A2B1553-D048-4C4C-B5A5-A4141854EA92}.AppStore|x86.Build.0 = Release|Any CPU
		{8A2B1553-D048-4C4C-B5A5-A4141854EA92}.AppStore|x86.Deploy.0 = Release|Any CPU
		{8A2B1553-D048-4C4C-B5A5-A4141854EA92}.Debug|Any CPU.ActiveCfg = Debug|Any CPU
		{8A2B1553-D048-4C4C-B5A5-A4141854EA92}.Debug|Any CPU.Build.0 = Debug|Any CPU
		{8A2B1553-D048-4C4C-B5A5-A4141854EA92}.Debug|Any CPU.Deploy.0 = Debug|Any CPU
		{8A2B1553-D048-4C4C-B5A5-A4141854EA92}.Debug|ARM.ActiveCfg = Debug|Any CPU
		{8A2B1553-D048-4C4C-B5A5-A4141854EA92}.Debug|ARM.Build.0 = Debug|Any CPU
		{8A2B1553-D048-4C4C-B5A5-A4141854EA92}.Debug|ARM.Deploy.0 = Debug|Any CPU
		{8A2B1553-D048-4C4C-B5A5-A4141854EA92}.Debug|iPhone.ActiveCfg = Debug|Any CPU
		{8A2B1553-D048-4C4C-B5A5-A4141854EA92}.Debug|iPhone.Build.0 = Debug|Any CPU
		{8A2B1553-D048-4C4C-B5A5-A4141854EA92}.Debug|iPhone.Deploy.0 = Debug|Any CPU
		{8A2B1553-D048-4C4C-B5A5-A4141854EA92}.Debug|iPhoneSimulator.ActiveCfg = Debug|Any CPU
		{8A2B1553-D048-4C4C-B5A5-A4141854EA92}.Debug|iPhoneSimulator.Build.0 = Debug|Any CPU
		{8A2B1553-D048-4C4C-B5A5-A4141854EA92}.Debug|iPhoneSimulator.Deploy.0 = Debug|Any CPU
		{8A2B1553-D048-4C4C-B5A5-A4141854EA92}.Debug|x64.ActiveCfg = Debug|Any CPU
		{8A2B1553-D048-4C4C-B5A5-A4141854EA92}.Debug|x64.Build.0 = Debug|Any CPU
		{8A2B1553-D048-4C4C-B5A5-A4141854EA92}.Debug|x64.Deploy.0 = Debug|Any CPU
		{8A2B1553-D048-4C4C-B5A5-A4141854EA92}.Debug|x86.ActiveCfg = Debug|Any CPU
		{8A2B1553-D048-4C4C-B5A5-A4141854EA92}.Debug|x86.Build.0 = Debug|Any CPU
		{8A2B1553-D048-4C4C-B5A5-A4141854EA92}.Debug|x86.Deploy.0 = Debug|Any CPU
		{8A2B1553-D048-4C4C-B5A5-A4141854EA92}.Release|Any CPU.ActiveCfg = Release|Any CPU
		{8A2B1553-D048-4C4C-B5A5-A4141854EA92}.Release|Any CPU.Build.0 = Release|Any CPU
		{8A2B1553-D048-4C4C-B5A5-A4141854EA92}.Release|Any CPU.Deploy.0 = Release|Any CPU
		{8A2B1553-D048-4C4C-B5A5-A4141854EA92}.Release|ARM.ActiveCfg = Release|Any CPU
		{8A2B1553-D048-4C4C-B5A5-A4141854EA92}.Release|ARM.Build.0 = Release|Any CPU
		{8A2B1553-D048-4C4C-B5A5-A4141854EA92}.Release|ARM.Deploy.0 = Release|Any CPU
		{8A2B1553-D048-4C4C-B5A5-A4141854EA92}.Release|iPhone.ActiveCfg = Release|Any CPU
		{8A2B1553-D048-4C4C-B5A5-A4141854EA92}.Release|iPhone.Build.0 = Release|Any CPU
		{8A2B1553-D048-4C4C-B5A5-A4141854EA92}.Release|iPhone.Deploy.0 = Release|Any CPU
		{8A2B1553-D048-4C4C-B5A5-A4141854EA92}.Release|iPhoneSimulator.ActiveCfg = Release|Any CPU
		{8A2B1553-D048-4C4C-B5A5-A4141854EA92}.Release|iPhoneSimulator.Build.0 = Release|Any CPU
		{8A2B1553-D048-4C4C-B5A5-A4141854EA92}.Release|iPhoneSimulator.Deploy.0 = Release|Any CPU
		{8A2B1553-D048-4C4C-B5A5-A4141854EA92}.Release|x64.ActiveCfg = Release|Any CPU
		{8A2B1553-D048-4C4C-B5A5-A4141854EA92}.Release|x64.Build.0 = Release|Any CPU
		{8A2B1553-D048-4C4C-B5A5-A4141854EA92}.Release|x64.Deploy.0 = Release|Any CPU
		{8A2B1553-D048-4C4C-B5A5-A4141854EA92}.Release|x86.ActiveCfg = Release|Any CPU
		{8A2B1553-D048-4C4C-B5A5-A4141854EA92}.Release|x86.Build.0 = Release|Any CPU
		{8A2B1553-D048-4C4C-B5A5-A4141854EA92}.Release|x86.Deploy.0 = Release|Any CPU
		{89A64408-4B2B-4789-8599-354CE86FB194}.Ad-Hoc|Any CPU.ActiveCfg = Ad-Hoc|iPhone
		{89A64408-4B2B-4789-8599-354CE86FB194}.Ad-Hoc|Any CPU.Build.0 = Ad-Hoc|iPhone
		{89A64408-4B2B-4789-8599-354CE86FB194}.Ad-Hoc|Any CPU.Deploy.0 = Ad-Hoc|iPhone
		{89A64408-4B2B-4789-8599-354CE86FB194}.Ad-Hoc|ARM.ActiveCfg = Ad-Hoc|iPhone
		{89A64408-4B2B-4789-8599-354CE86FB194}.Ad-Hoc|ARM.Build.0 = Ad-Hoc|iPhone
		{89A64408-4B2B-4789-8599-354CE86FB194}.Ad-Hoc|ARM.Deploy.0 = Ad-Hoc|iPhone
		{89A64408-4B2B-4789-8599-354CE86FB194}.Ad-Hoc|iPhone.ActiveCfg = Ad-Hoc|iPhone
		{89A64408-4B2B-4789-8599-354CE86FB194}.Ad-Hoc|iPhone.Build.0 = Ad-Hoc|iPhone
		{89A64408-4B2B-4789-8599-354CE86FB194}.Ad-Hoc|iPhone.Deploy.0 = Ad-Hoc|iPhone
		{89A64408-4B2B-4789-8599-354CE86FB194}.Ad-Hoc|iPhoneSimulator.ActiveCfg = Ad-Hoc|iPhoneSimulator
		{89A64408-4B2B-4789-8599-354CE86FB194}.Ad-Hoc|iPhoneSimulator.Build.0 = Ad-Hoc|iPhoneSimulator
		{89A64408-4B2B-4789-8599-354CE86FB194}.Ad-Hoc|iPhoneSimulator.Deploy.0 = Ad-Hoc|iPhoneSimulator
		{89A64408-4B2B-4789-8599-354CE86FB194}.Ad-Hoc|x64.ActiveCfg = Ad-Hoc|iPhone
		{89A64408-4B2B-4789-8599-354CE86FB194}.Ad-Hoc|x64.Build.0 = Ad-Hoc|iPhone
		{89A64408-4B2B-4789-8599-354CE86FB194}.Ad-Hoc|x64.Deploy.0 = Ad-Hoc|iPhone
		{89A64408-4B2B-4789-8599-354CE86FB194}.Ad-Hoc|x86.ActiveCfg = Ad-Hoc|iPhone
		{89A64408-4B2B-4789-8599-354CE86FB194}.Ad-Hoc|x86.Build.0 = Ad-Hoc|iPhone
		{89A64408-4B2B-4789-8599-354CE86FB194}.Ad-Hoc|x86.Deploy.0 = Ad-Hoc|iPhone
		{89A64408-4B2B-4789-8599-354CE86FB194}.AppStore|Any CPU.ActiveCfg = AppStore|iPhone
		{89A64408-4B2B-4789-8599-354CE86FB194}.AppStore|Any CPU.Build.0 = AppStore|iPhone
		{89A64408-4B2B-4789-8599-354CE86FB194}.AppStore|Any CPU.Deploy.0 = AppStore|iPhone
		{89A64408-4B2B-4789-8599-354CE86FB194}.AppStore|ARM.ActiveCfg = AppStore|iPhone
		{89A64408-4B2B-4789-8599-354CE86FB194}.AppStore|ARM.Build.0 = AppStore|iPhone
		{89A64408-4B2B-4789-8599-354CE86FB194}.AppStore|ARM.Deploy.0 = AppStore|iPhone
		{89A64408-4B2B-4789-8599-354CE86FB194}.AppStore|iPhone.ActiveCfg = AppStore|iPhone
		{89A64408-4B2B-4789-8599-354CE86FB194}.AppStore|iPhone.Build.0 = AppStore|iPhone
		{89A64408-4B2B-4789-8599-354CE86FB194}.AppStore|iPhone.Deploy.0 = AppStore|iPhone
		{89A64408-4B2B-4789-8599-354CE86FB194}.AppStore|iPhoneSimulator.ActiveCfg = AppStore|iPhoneSimulator
		{89A64408-4B2B-4789-8599-354CE86FB194}.AppStore|iPhoneSimulator.Build.0 = AppStore|iPhoneSimulator
		{89A64408-4B2B-4789-8599-354CE86FB194}.AppStore|iPhoneSimulator.Deploy.0 = AppStore|iPhoneSimulator
		{89A64408-4B2B-4789-8599-354CE86FB194}.AppStore|x64.ActiveCfg = AppStore|iPhone
		{89A64408-4B2B-4789-8599-354CE86FB194}.AppStore|x64.Build.0 = AppStore|iPhone
		{89A64408-4B2B-4789-8599-354CE86FB194}.AppStore|x64.Deploy.0 = AppStore|iPhone
		{89A64408-4B2B-4789-8599-354CE86FB194}.AppStore|x86.ActiveCfg = AppStore|iPhone
		{89A64408-4B2B-4789-8599-354CE86FB194}.AppStore|x86.Build.0 = AppStore|iPhone
		{89A64408-4B2B-4789-8599-354CE86FB194}.AppStore|x86.Deploy.0 = AppStore|iPhone
		{89A64408-4B2B-4789-8599-354CE86FB194}.Debug|Any CPU.ActiveCfg = Debug|iPhoneSimulator
		{89A64408-4B2B-4789-8599-354CE86FB194}.Debug|Any CPU.Build.0 = Debug|iPhoneSimulator
		{89A64408-4B2B-4789-8599-354CE86FB194}.Debug|Any CPU.Deploy.0 = Debug|iPhoneSimulator
		{89A64408-4B2B-4789-8599-354CE86FB194}.Debug|ARM.ActiveCfg = Debug|iPhone
		{89A64408-4B2B-4789-8599-354CE86FB194}.Debug|ARM.Build.0 = Debug|iPhone
		{89A64408-4B2B-4789-8599-354CE86FB194}.Debug|ARM.Deploy.0 = Debug|iPhone
		{89A64408-4B2B-4789-8599-354CE86FB194}.Debug|iPhone.ActiveCfg = Debug|iPhone
		{89A64408-4B2B-4789-8599-354CE86FB194}.Debug|iPhone.Build.0 = Debug|iPhone
		{89A64408-4B2B-4789-8599-354CE86FB194}.Debug|iPhone.Deploy.0 = Debug|iPhone
		{89A64408-4B2B-4789-8599-354CE86FB194}.Debug|iPhoneSimulator.ActiveCfg = Debug|iPhoneSimulator
		{89A64408-4B2B-4789-8599-354CE86FB194}.Debug|iPhoneSimulator.Build.0 = Debug|iPhoneSimulator
		{89A64408-4B2B-4789-8599-354CE86FB194}.Debug|iPhoneSimulator.Deploy.0 = Debug|iPhoneSimulator
		{89A64408-4B2B-4789-8599-354CE86FB194}.Debug|x64.ActiveCfg = Debug|iPhone
		{89A64408-4B2B-4789-8599-354CE86FB194}.Debug|x64.Build.0 = Debug|iPhone
		{89A64408-4B2B-4789-8599-354CE86FB194}.Debug|x64.Deploy.0 = Debug|iPhone
		{89A64408-4B2B-4789-8599-354CE86FB194}.Debug|x86.ActiveCfg = Debug|iPhone
		{89A64408-4B2B-4789-8599-354CE86FB194}.Debug|x86.Build.0 = Debug|iPhone
		{89A64408-4B2B-4789-8599-354CE86FB194}.Debug|x86.Deploy.0 = Debug|iPhone
		{89A64408-4B2B-4789-8599-354CE86FB194}.Release|Any CPU.ActiveCfg = Release|iPhone
		{89A64408-4B2B-4789-8599-354CE86FB194}.Release|Any CPU.Build.0 = Release|iPhone
		{89A64408-4B2B-4789-8599-354CE86FB194}.Release|Any CPU.Deploy.0 = Release|iPhone
		{89A64408-4B2B-4789-8599-354CE86FB194}.Release|ARM.ActiveCfg = Release|iPhone
		{89A64408-4B2B-4789-8599-354CE86FB194}.Release|ARM.Build.0 = Release|iPhone
		{89A64408-4B2B-4789-8599-354CE86FB194}.Release|ARM.Deploy.0 = Release|iPhone
		{89A64408-4B2B-4789-8599-354CE86FB194}.Release|iPhone.ActiveCfg = Release|iPhone
		{89A64408-4B2B-4789-8599-354CE86FB194}.Release|iPhone.Build.0 = Release|iPhone
		{89A64408-4B2B-4789-8599-354CE86FB194}.Release|iPhone.Deploy.0 = Release|iPhone
		{89A64408-4B2B-4789-8599-354CE86FB194}.Release|iPhoneSimulator.ActiveCfg = Release|iPhoneSimulator
		{89A64408-4B2B-4789-8599-354CE86FB194}.Release|iPhoneSimulator.Build.0 = Release|iPhoneSimulator
		{89A64408-4B2B-4789-8599-354CE86FB194}.Release|iPhoneSimulator.Deploy.0 = Release|iPhoneSimulator
		{89A64408-4B2B-4789-8599-354CE86FB194}.Release|x64.ActiveCfg = Release|iPhone
		{89A64408-4B2B-4789-8599-354CE86FB194}.Release|x64.Build.0 = Release|iPhone
		{89A64408-4B2B-4789-8599-354CE86FB194}.Release|x64.Deploy.0 = Release|iPhone
		{89A64408-4B2B-4789-8599-354CE86FB194}.Release|x86.ActiveCfg = Release|iPhone
		{89A64408-4B2B-4789-8599-354CE86FB194}.Release|x86.Build.0 = Release|iPhone
		{89A64408-4B2B-4789-8599-354CE86FB194}.Release|x86.Deploy.0 = Release|iPhone
		{C7FFD57F-B506-4FF4-9F4A-3D34DDBECFC2}.Ad-Hoc|Any CPU.ActiveCfg = Release|x86
		{C7FFD57F-B506-4FF4-9F4A-3D34DDBECFC2}.Ad-Hoc|Any CPU.Build.0 = Release|x86
		{C7FFD57F-B506-4FF4-9F4A-3D34DDBECFC2}.Ad-Hoc|Any CPU.Deploy.0 = Release|x86
		{C7FFD57F-B506-4FF4-9F4A-3D34DDBECFC2}.Ad-Hoc|ARM.ActiveCfg = Release|ARM
		{C7FFD57F-B506-4FF4-9F4A-3D34DDBECFC2}.Ad-Hoc|ARM.Build.0 = Release|ARM
		{C7FFD57F-B506-4FF4-9F4A-3D34DDBECFC2}.Ad-Hoc|ARM.Deploy.0 = Release|ARM
		{C7FFD57F-B506-4FF4-9F4A-3D34DDBECFC2}.Ad-Hoc|iPhone.ActiveCfg = Release|x86
		{C7FFD57F-B506-4FF4-9F4A-3D34DDBECFC2}.Ad-Hoc|iPhone.Build.0 = Release|x86
		{C7FFD57F-B506-4FF4-9F4A-3D34DDBECFC2}.Ad-Hoc|iPhone.Deploy.0 = Release|x86
		{C7FFD57F-B506-4FF4-9F4A-3D34DDBECFC2}.Ad-Hoc|iPhoneSimulator.ActiveCfg = Release|x86
		{C7FFD57F-B506-4FF4-9F4A-3D34DDBECFC2}.Ad-Hoc|iPhoneSimulator.Build.0 = Release|x86
		{C7FFD57F-B506-4FF4-9F4A-3D34DDBECFC2}.Ad-Hoc|iPhoneSimulator.Deploy.0 = Release|x86
		{C7FFD57F-B506-4FF4-9F4A-3D34DDBECFC2}.Ad-Hoc|x64.ActiveCfg = Release|x64
		{C7FFD57F-B506-4FF4-9F4A-3D34DDBECFC2}.Ad-Hoc|x64.Build.0 = Release|x64
		{C7FFD57F-B506-4FF4-9F4A-3D34DDBECFC2}.Ad-Hoc|x64.Deploy.0 = Release|x64
		{C7FFD57F-B506-4FF4-9F4A-3D34DDBECFC2}.Ad-Hoc|x86.ActiveCfg = Release|x86
		{C7FFD57F-B506-4FF4-9F4A-3D34DDBECFC2}.Ad-Hoc|x86.Build.0 = Release|x86
		{C7FFD57F-B506-4FF4-9F4A-3D34DDBECFC2}.Ad-Hoc|x86.Deploy.0 = Release|x86
		{C7FFD57F-B506-4FF4-9F4A-3D34DDBECFC2}.AppStore|Any CPU.ActiveCfg = Release|x86
		{C7FFD57F-B506-4FF4-9F4A-3D34DDBECFC2}.AppStore|Any CPU.Build.0 = Release|x86
		{C7FFD57F-B506-4FF4-9F4A-3D34DDBECFC2}.AppStore|Any CPU.Deploy.0 = Release|x86
		{C7FFD57F-B506-4FF4-9F4A-3D34DDBECFC2}.AppStore|ARM.ActiveCfg = Release|ARM
		{C7FFD57F-B506-4FF4-9F4A-3D34DDBECFC2}.AppStore|ARM.Build.0 = Release|ARM
		{C7FFD57F-B506-4FF4-9F4A-3D34DDBECFC2}.AppStore|ARM.Deploy.0 = Release|ARM
		{C7FFD57F-B506-4FF4-9F4A-3D34DDBECFC2}.AppStore|iPhone.ActiveCfg = Release|x86
		{C7FFD57F-B506-4FF4-9F4A-3D34DDBECFC2}.AppStore|iPhone.Build.0 = Release|x86
		{C7FFD57F-B506-4FF4-9F4A-3D34DDBECFC2}.AppStore|iPhone.Deploy.0 = Release|x86
		{C7FFD57F-B506-4FF4-9F4A-3D34DDBECFC2}.AppStore|iPhoneSimulator.ActiveCfg = Release|x86
		{C7FFD57F-B506-4FF4-9F4A-3D34DDBECFC2}.AppStore|iPhoneSimulator.Build.0 = Release|x86
		{C7FFD57F-B506-4FF4-9F4A-3D34DDBECFC2}.AppStore|iPhoneSimulator.Deploy.0 = Release|x86
		{C7FFD57F-B506-4FF4-9F4A-3D34DDBECFC2}.AppStore|x64.ActiveCfg = Release|x64
		{C7FFD57F-B506-4FF4-9F4A-3D34DDBECFC2}.AppStore|x64.Build.0 = Release|x64
		{C7FFD57F-B506-4FF4-9F4A-3D34DDBECFC2}.AppStore|x64.Deploy.0 = Release|x64
		{C7FFD57F-B506-4FF4-9F4A-3D34DDBECFC2}.AppStore|x86.ActiveCfg = Release|x86
		{C7FFD57F-B506-4FF4-9F4A-3D34DDBECFC2}.AppStore|x86.Build.0 = Release|x86
		{C7FFD57F-B506-4FF4-9F4A-3D34DDBECFC2}.AppStore|x86.Deploy.0 = Release|x86
		{C7FFD57F-B506-4FF4-9F4A-3D34DDBECFC2}.Debug|Any CPU.ActiveCfg = Debug|x86
		{C7FFD57F-B506-4FF4-9F4A-3D34DDBECFC2}.Debug|Any CPU.Build.0 = Debug|x86
		{C7FFD57F-B506-4FF4-9F4A-3D34DDBECFC2}.Debug|Any CPU.Deploy.0 = Debug|x86
		{C7FFD57F-B506-4FF4-9F4A-3D34DDBECFC2}.Debug|ARM.ActiveCfg = Debug|ARM
		{C7FFD57F-B506-4FF4-9F4A-3D34DDBECFC2}.Debug|ARM.Build.0 = Debug|ARM
		{C7FFD57F-B506-4FF4-9F4A-3D34DDBECFC2}.Debug|ARM.Deploy.0 = Debug|ARM
		{C7FFD57F-B506-4FF4-9F4A-3D34DDBECFC2}.Debug|iPhone.ActiveCfg = Debug|x86
		{C7FFD57F-B506-4FF4-9F4A-3D34DDBECFC2}.Debug|iPhone.Build.0 = Debug|x86
		{C7FFD57F-B506-4FF4-9F4A-3D34DDBECFC2}.Debug|iPhone.Deploy.0 = Debug|x86
		{C7FFD57F-B506-4FF4-9F4A-3D34DDBECFC2}.Debug|iPhoneSimulator.ActiveCfg = Debug|x86
		{C7FFD57F-B506-4FF4-9F4A-3D34DDBECFC2}.Debug|iPhoneSimulator.Build.0 = Debug|x86
		{C7FFD57F-B506-4FF4-9F4A-3D34DDBECFC2}.Debug|iPhoneSimulator.Deploy.0 = Debug|x86
		{C7FFD57F-B506-4FF4-9F4A-3D34DDBECFC2}.Debug|x64.ActiveCfg = Debug|x64
		{C7FFD57F-B506-4FF4-9F4A-3D34DDBECFC2}.Debug|x64.Build.0 = Debug|x64
		{C7FFD57F-B506-4FF4-9F4A-3D34DDBECFC2}.Debug|x64.Deploy.0 = Debug|x64
		{C7FFD57F-B506-4FF4-9F4A-3D34DDBECFC2}.Debug|x86.ActiveCfg = Debug|x86
		{C7FFD57F-B506-4FF4-9F4A-3D34DDBECFC2}.Debug|x86.Build.0 = Debug|x86
		{C7FFD57F-B506-4FF4-9F4A-3D34DDBECFC2}.Debug|x86.Deploy.0 = Debug|x86
		{C7FFD57F-B506-4FF4-9F4A-3D34DDBECFC2}.Release|Any CPU.ActiveCfg = Release|x86
		{C7FFD57F-B506-4FF4-9F4A-3D34DDBECFC2}.Release|Any CPU.Build.0 = Release|x86
		{C7FFD57F-B506-4FF4-9F4A-3D34DDBECFC2}.Release|Any CPU.Deploy.0 = Release|x86
		{C7FFD57F-B506-4FF4-9F4A-3D34DDBECFC2}.Release|ARM.ActiveCfg = Release|ARM
		{C7FFD57F-B506-4FF4-9F4A-3D34DDBECFC2}.Release|ARM.Build.0 = Release|ARM
		{C7FFD57F-B506-4FF4-9F4A-3D34DDBECFC2}.Release|ARM.Deploy.0 = Release|ARM
		{C7FFD57F-B506-4FF4-9F4A-3D34DDBECFC2}.Release|iPhone.ActiveCfg = Release|x86
		{C7FFD57F-B506-4FF4-9F4A-3D34DDBECFC2}.Release|iPhone.Build.0 = Release|x86
		{C7FFD57F-B506-4FF4-9F4A-3D34DDBECFC2}.Release|iPhone.Deploy.0 = Release|x86
		{C7FFD57F-B506-4FF4-9F4A-3D34DDBECFC2}.Release|iPhoneSimulator.ActiveCfg = Release|x86
		{C7FFD57F-B506-4FF4-9F4A-3D34DDBECFC2}.Release|iPhoneSimulator.Build.0 = Release|x86
		{C7FFD57F-B506-4FF4-9F4A-3D34DDBECFC2}.Release|iPhoneSimulator.Deploy.0 = Release|x86
		{C7FFD57F-B506-4FF4-9F4A-3D34DDBECFC2}.Release|x64.ActiveCfg = Release|x64
		{C7FFD57F-B506-4FF4-9F4A-3D34DDBECFC2}.Release|x64.Build.0 = Release|x64
		{C7FFD57F-B506-4FF4-9F4A-3D34DDBECFC2}.Release|x64.Deploy.0 = Release|x64
		{C7FFD57F-B506-4FF4-9F4A-3D34DDBECFC2}.Release|x86.ActiveCfg = Release|x86
		{C7FFD57F-B506-4FF4-9F4A-3D34DDBECFC2}.Release|x86.Build.0 = Release|x86
		{C7FFD57F-B506-4FF4-9F4A-3D34DDBECFC2}.Release|x86.Deploy.0 = Release|x86
		{4018B26C-7D22-4AE2-92F0-42FC69BF9620}.Ad-Hoc|Any CPU.ActiveCfg = Debug|Any CPU
		{4018B26C-7D22-4AE2-92F0-42FC69BF9620}.Ad-Hoc|Any CPU.Build.0 = Debug|Any CPU
		{4018B26C-7D22-4AE2-92F0-42FC69BF9620}.Ad-Hoc|Any CPU.Deploy.0 = Debug|Any CPU
		{4018B26C-7D22-4AE2-92F0-42FC69BF9620}.Ad-Hoc|ARM.ActiveCfg = Debug|Any CPU
		{4018B26C-7D22-4AE2-92F0-42FC69BF9620}.Ad-Hoc|ARM.Build.0 = Debug|Any CPU
		{4018B26C-7D22-4AE2-92F0-42FC69BF9620}.Ad-Hoc|ARM.Deploy.0 = Debug|Any CPU
		{4018B26C-7D22-4AE2-92F0-42FC69BF9620}.Ad-Hoc|iPhone.ActiveCfg = Debug|Any CPU
		{4018B26C-7D22-4AE2-92F0-42FC69BF9620}.Ad-Hoc|iPhone.Build.0 = Debug|Any CPU
		{4018B26C-7D22-4AE2-92F0-42FC69BF9620}.Ad-Hoc|iPhone.Deploy.0 = Debug|Any CPU
		{4018B26C-7D22-4AE2-92F0-42FC69BF9620}.Ad-Hoc|iPhoneSimulator.ActiveCfg = Debug|Any CPU
		{4018B26C-7D22-4AE2-92F0-42FC69BF9620}.Ad-Hoc|iPhoneSimulator.Build.0 = Debug|Any CPU
		{4018B26C-7D22-4AE2-92F0-42FC69BF9620}.Ad-Hoc|iPhoneSimulator.Deploy.0 = Debug|Any CPU
		{4018B26C-7D22-4AE2-92F0-42FC69BF9620}.Ad-Hoc|x64.ActiveCfg = Debug|Any CPU
		{4018B26C-7D22-4AE2-92F0-42FC69BF9620}.Ad-Hoc|x64.Build.0 = Debug|Any CPU
		{4018B26C-7D22-4AE2-92F0-42FC69BF9620}.Ad-Hoc|x64.Deploy.0 = Debug|Any CPU
		{4018B26C-7D22-4AE2-92F0-42FC69BF9620}.Ad-Hoc|x86.ActiveCfg = Debug|Any CPU
		{4018B26C-7D22-4AE2-92F0-42FC69BF9620}.Ad-Hoc|x86.Build.0 = Debug|Any CPU
		{4018B26C-7D22-4AE2-92F0-42FC69BF9620}.Ad-Hoc|x86.Deploy.0 = Debug|Any CPU
		{4018B26C-7D22-4AE2-92F0-42FC69BF9620}.AppStore|Any CPU.ActiveCfg = Debug|Any CPU
		{4018B26C-7D22-4AE2-92F0-42FC69BF9620}.AppStore|Any CPU.Build.0 = Debug|Any CPU
		{4018B26C-7D22-4AE2-92F0-42FC69BF9620}.AppStore|Any CPU.Deploy.0 = Debug|Any CPU
		{4018B26C-7D22-4AE2-92F0-42FC69BF9620}.AppStore|ARM.ActiveCfg = Debug|Any CPU
		{4018B26C-7D22-4AE2-92F0-42FC69BF9620}.AppStore|ARM.Build.0 = Debug|Any CPU
		{4018B26C-7D22-4AE2-92F0-42FC69BF9620}.AppStore|ARM.Deploy.0 = Debug|Any CPU
		{4018B26C-7D22-4AE2-92F0-42FC69BF9620}.AppStore|iPhone.ActiveCfg = Debug|Any CPU
		{4018B26C-7D22-4AE2-92F0-42FC69BF9620}.AppStore|iPhone.Build.0 = Debug|Any CPU
		{4018B26C-7D22-4AE2-92F0-42FC69BF9620}.AppStore|iPhone.Deploy.0 = Debug|Any CPU
		{4018B26C-7D22-4AE2-92F0-42FC69BF9620}.AppStore|iPhoneSimulator.ActiveCfg = Debug|Any CPU
		{4018B26C-7D22-4AE2-92F0-42FC69BF9620}.AppStore|iPhoneSimulator.Build.0 = Debug|Any CPU
		{4018B26C-7D22-4AE2-92F0-42FC69BF9620}.AppStore|iPhoneSimulator.Deploy.0 = Debug|Any CPU
		{4018B26C-7D22-4AE2-92F0-42FC69BF9620}.AppStore|x64.ActiveCfg = Debug|Any CPU
		{4018B26C-7D22-4AE2-92F0-42FC69BF9620}.AppStore|x64.Build.0 = Debug|Any CPU
		{4018B26C-7D22-4AE2-92F0-42FC69BF9620}.AppStore|x64.Deploy.0 = Debug|Any CPU
		{4018B26C-7D22-4AE2-92F0-42FC69BF9620}.AppStore|x86.ActiveCfg = Debug|Any CPU
		{4018B26C-7D22-4AE2-92F0-42FC69BF9620}.AppStore|x86.Build.0 = Debug|Any CPU
		{4018B26C-7D22-4AE2-92F0-42FC69BF9620}.AppStore|x86.Deploy.0 = Debug|Any CPU
		{4018B26C-7D22-4AE2-92F0-42FC69BF9620}.Debug|Any CPU.ActiveCfg = Debug|Any CPU
		{4018B26C-7D22-4AE2-92F0-42FC69BF9620}.Debug|Any CPU.Build.0 = Debug|Any CPU
		{4018B26C-7D22-4AE2-92F0-42FC69BF9620}.Debug|Any CPU.Deploy.0 = Debug|Any CPU
		{4018B26C-7D22-4AE2-92F0-42FC69BF9620}.Debug|ARM.ActiveCfg = Debug|Any CPU
		{4018B26C-7D22-4AE2-92F0-42FC69BF9620}.Debug|ARM.Build.0 = Debug|Any CPU
		{4018B26C-7D22-4AE2-92F0-42FC69BF9620}.Debug|ARM.Deploy.0 = Debug|Any CPU
		{4018B26C-7D22-4AE2-92F0-42FC69BF9620}.Debug|iPhone.ActiveCfg = Debug|Any CPU
		{4018B26C-7D22-4AE2-92F0-42FC69BF9620}.Debug|iPhone.Build.0 = Debug|Any CPU
		{4018B26C-7D22-4AE2-92F0-42FC69BF9620}.Debug|iPhone.Deploy.0 = Debug|Any CPU
		{4018B26C-7D22-4AE2-92F0-42FC69BF9620}.Debug|iPhoneSimulator.ActiveCfg = Debug|Any CPU
		{4018B26C-7D22-4AE2-92F0-42FC69BF9620}.Debug|iPhoneSimulator.Build.0 = Debug|Any CPU
		{4018B26C-7D22-4AE2-92F0-42FC69BF9620}.Debug|iPhoneSimulator.Deploy.0 = Debug|Any CPU
		{4018B26C-7D22-4AE2-92F0-42FC69BF9620}.Debug|x64.ActiveCfg = Debug|Any CPU
		{4018B26C-7D22-4AE2-92F0-42FC69BF9620}.Debug|x64.Build.0 = Debug|Any CPU
		{4018B26C-7D22-4AE2-92F0-42FC69BF9620}.Debug|x64.Deploy.0 = Debug|Any CPU
		{4018B26C-7D22-4AE2-92F0-42FC69BF9620}.Debug|x86.ActiveCfg = Debug|Any CPU
		{4018B26C-7D22-4AE2-92F0-42FC69BF9620}.Debug|x86.Build.0 = Debug|Any CPU
		{4018B26C-7D22-4AE2-92F0-42FC69BF9620}.Debug|x86.Deploy.0 = Debug|Any CPU
		{4018B26C-7D22-4AE2-92F0-42FC69BF9620}.Release|Any CPU.ActiveCfg = Release|Any CPU
		{4018B26C-7D22-4AE2-92F0-42FC69BF9620}.Release|Any CPU.Build.0 = Release|Any CPU
		{4018B26C-7D22-4AE2-92F0-42FC69BF9620}.Release|Any CPU.Deploy.0 = Release|Any CPU
		{4018B26C-7D22-4AE2-92F0-42FC69BF9620}.Release|ARM.ActiveCfg = Release|Any CPU
		{4018B26C-7D22-4AE2-92F0-42FC69BF9620}.Release|ARM.Build.0 = Release|Any CPU
		{4018B26C-7D22-4AE2-92F0-42FC69BF9620}.Release|ARM.Deploy.0 = Release|Any CPU
		{4018B26C-7D22-4AE2-92F0-42FC69BF9620}.Release|iPhone.ActiveCfg = Release|Any CPU
		{4018B26C-7D22-4AE2-92F0-42FC69BF9620}.Release|iPhone.Build.0 = Release|Any CPU
		{4018B26C-7D22-4AE2-92F0-42FC69BF9620}.Release|iPhone.Deploy.0 = Release|Any CPU
		{4018B26C-7D22-4AE2-92F0-42FC69BF9620}.Release|iPhoneSimulator.ActiveCfg = Release|Any CPU
		{4018B26C-7D22-4AE2-92F0-42FC69BF9620}.Release|iPhoneSimulator.Build.0 = Release|Any CPU
		{4018B26C-7D22-4AE2-92F0-42FC69BF9620}.Release|iPhoneSimulator.Deploy.0 = Release|Any CPU
		{4018B26C-7D22-4AE2-92F0-42FC69BF9620}.Release|x64.ActiveCfg = Release|Any CPU
		{4018B26C-7D22-4AE2-92F0-42FC69BF9620}.Release|x64.Build.0 = Release|Any CPU
		{4018B26C-7D22-4AE2-92F0-42FC69BF9620}.Release|x64.Deploy.0 = Release|Any CPU
		{4018B26C-7D22-4AE2-92F0-42FC69BF9620}.Release|x86.ActiveCfg = Release|Any CPU
		{4018B26C-7D22-4AE2-92F0-42FC69BF9620}.Release|x86.Build.0 = Release|Any CPU
		{4018B26C-7D22-4AE2-92F0-42FC69BF9620}.Release|x86.Deploy.0 = Release|Any CPU
		{4A7A0012-FC37-478D-8884-35DD691A2CFD}.Ad-Hoc|Any CPU.ActiveCfg = Debug|Any CPU
		{4A7A0012-FC37-478D-8884-35DD691A2CFD}.Ad-Hoc|Any CPU.Build.0 = Debug|Any CPU
		{4A7A0012-FC37-478D-8884-35DD691A2CFD}.Ad-Hoc|ARM.ActiveCfg = Debug|Any CPU
		{4A7A0012-FC37-478D-8884-35DD691A2CFD}.Ad-Hoc|ARM.Build.0 = Debug|Any CPU
		{4A7A0012-FC37-478D-8884-35DD691A2CFD}.Ad-Hoc|iPhone.ActiveCfg = Debug|Any CPU
		{4A7A0012-FC37-478D-8884-35DD691A2CFD}.Ad-Hoc|iPhone.Build.0 = Debug|Any CPU
		{4A7A0012-FC37-478D-8884-35DD691A2CFD}.Ad-Hoc|iPhoneSimulator.ActiveCfg = Debug|Any CPU
		{4A7A0012-FC37-478D-8884-35DD691A2CFD}.Ad-Hoc|iPhoneSimulator.Build.0 = Debug|Any CPU
		{4A7A0012-FC37-478D-8884-35DD691A2CFD}.Ad-Hoc|x64.ActiveCfg = Debug|Any CPU
		{4A7A0012-FC37-478D-8884-35DD691A2CFD}.Ad-Hoc|x64.Build.0 = Debug|Any CPU
		{4A7A0012-FC37-478D-8884-35DD691A2CFD}.Ad-Hoc|x86.ActiveCfg = Debug|Any CPU
		{4A7A0012-FC37-478D-8884-35DD691A2CFD}.Ad-Hoc|x86.Build.0 = Debug|Any CPU
		{4A7A0012-FC37-478D-8884-35DD691A2CFD}.AppStore|Any CPU.ActiveCfg = Debug|Any CPU
		{4A7A0012-FC37-478D-8884-35DD691A2CFD}.AppStore|Any CPU.Build.0 = Debug|Any CPU
		{4A7A0012-FC37-478D-8884-35DD691A2CFD}.AppStore|ARM.ActiveCfg = Debug|Any CPU
		{4A7A0012-FC37-478D-8884-35DD691A2CFD}.AppStore|ARM.Build.0 = Debug|Any CPU
		{4A7A0012-FC37-478D-8884-35DD691A2CFD}.AppStore|iPhone.ActiveCfg = Debug|Any CPU
		{4A7A0012-FC37-478D-8884-35DD691A2CFD}.AppStore|iPhone.Build.0 = Debug|Any CPU
		{4A7A0012-FC37-478D-8884-35DD691A2CFD}.AppStore|iPhoneSimulator.ActiveCfg = Debug|Any CPU
		{4A7A0012-FC37-478D-8884-35DD691A2CFD}.AppStore|iPhoneSimulator.Build.0 = Debug|Any CPU
		{4A7A0012-FC37-478D-8884-35DD691A2CFD}.AppStore|x64.ActiveCfg = Debug|Any CPU
		{4A7A0012-FC37-478D-8884-35DD691A2CFD}.AppStore|x64.Build.0 = Debug|Any CPU
		{4A7A0012-FC37-478D-8884-35DD691A2CFD}.AppStore|x86.ActiveCfg = Debug|Any CPU
		{4A7A0012-FC37-478D-8884-35DD691A2CFD}.AppStore|x86.Build.0 = Debug|Any CPU
		{4A7A0012-FC37-478D-8884-35DD691A2CFD}.Debug|Any CPU.ActiveCfg = Debug|Any CPU
		{4A7A0012-FC37-478D-8884-35DD691A2CFD}.Debug|Any CPU.Build.0 = Debug|Any CPU
		{4A7A0012-FC37-478D-8884-35DD691A2CFD}.Debug|ARM.ActiveCfg = Debug|Any CPU
		{4A7A0012-FC37-478D-8884-35DD691A2CFD}.Debug|ARM.Build.0 = Debug|Any CPU
		{4A7A0012-FC37-478D-8884-35DD691A2CFD}.Debug|iPhone.ActiveCfg = Debug|Any CPU
		{4A7A0012-FC37-478D-8884-35DD691A2CFD}.Debug|iPhone.Build.0 = Debug|Any CPU
		{4A7A0012-FC37-478D-8884-35DD691A2CFD}.Debug|iPhoneSimulator.ActiveCfg = Debug|Any CPU
		{4A7A0012-FC37-478D-8884-35DD691A2CFD}.Debug|iPhoneSimulator.Build.0 = Debug|Any CPU
		{4A7A0012-FC37-478D-8884-35DD691A2CFD}.Debug|x64.ActiveCfg = Debug|Any CPU
		{4A7A0012-FC37-478D-8884-35DD691A2CFD}.Debug|x64.Build.0 = Debug|Any CPU
		{4A7A0012-FC37-478D-8884-35DD691A2CFD}.Debug|x86.ActiveCfg = Debug|Any CPU
		{4A7A0012-FC37-478D-8884-35DD691A2CFD}.Debug|x86.Build.0 = Debug|Any CPU
		{4A7A0012-FC37-478D-8884-35DD691A2CFD}.Release|Any CPU.ActiveCfg = Release|Any CPU
		{4A7A0012-FC37-478D-8884-35DD691A2CFD}.Release|Any CPU.Build.0 = Release|Any CPU
		{4A7A0012-FC37-478D-8884-35DD691A2CFD}.Release|ARM.ActiveCfg = Release|Any CPU
		{4A7A0012-FC37-478D-8884-35DD691A2CFD}.Release|ARM.Build.0 = Release|Any CPU
		{4A7A0012-FC37-478D-8884-35DD691A2CFD}.Release|iPhone.ActiveCfg = Release|Any CPU
		{4A7A0012-FC37-478D-8884-35DD691A2CFD}.Release|iPhone.Build.0 = Release|Any CPU
		{4A7A0012-FC37-478D-8884-35DD691A2CFD}.Release|iPhoneSimulator.ActiveCfg = Release|Any CPU
		{4A7A0012-FC37-478D-8884-35DD691A2CFD}.Release|iPhoneSimulator.Build.0 = Release|Any CPU
		{4A7A0012-FC37-478D-8884-35DD691A2CFD}.Release|x64.ActiveCfg = Release|Any CPU
		{4A7A0012-FC37-478D-8884-35DD691A2CFD}.Release|x64.Build.0 = Release|Any CPU
		{4A7A0012-FC37-478D-8884-35DD691A2CFD}.Release|x86.ActiveCfg = Release|Any CPU
		{4A7A0012-FC37-478D-8884-35DD691A2CFD}.Release|x86.Build.0 = Release|Any CPU
		{7CA289C3-61E4-459F-AAF1-89A77627AF66}.Ad-Hoc|Any CPU.ActiveCfg = Debug|Any CPU
		{7CA289C3-61E4-459F-AAF1-89A77627AF66}.Ad-Hoc|Any CPU.Build.0 = Debug|Any CPU
		{7CA289C3-61E4-459F-AAF1-89A77627AF66}.Ad-Hoc|ARM.ActiveCfg = Debug|Any CPU
		{7CA289C3-61E4-459F-AAF1-89A77627AF66}.Ad-Hoc|ARM.Build.0 = Debug|Any CPU
		{7CA289C3-61E4-459F-AAF1-89A77627AF66}.Ad-Hoc|iPhone.ActiveCfg = Debug|Any CPU
		{7CA289C3-61E4-459F-AAF1-89A77627AF66}.Ad-Hoc|iPhone.Build.0 = Debug|Any CPU
		{7CA289C3-61E4-459F-AAF1-89A77627AF66}.Ad-Hoc|iPhoneSimulator.ActiveCfg = Debug|Any CPU
		{7CA289C3-61E4-459F-AAF1-89A77627AF66}.Ad-Hoc|iPhoneSimulator.Build.0 = Debug|Any CPU
		{7CA289C3-61E4-459F-AAF1-89A77627AF66}.Ad-Hoc|x64.ActiveCfg = Debug|Any CPU
		{7CA289C3-61E4-459F-AAF1-89A77627AF66}.Ad-Hoc|x64.Build.0 = Debug|Any CPU
		{7CA289C3-61E4-459F-AAF1-89A77627AF66}.Ad-Hoc|x86.ActiveCfg = Debug|Any CPU
		{7CA289C3-61E4-459F-AAF1-89A77627AF66}.Ad-Hoc|x86.Build.0 = Debug|Any CPU
		{7CA289C3-61E4-459F-AAF1-89A77627AF66}.AppStore|Any CPU.ActiveCfg = Debug|Any CPU
		{7CA289C3-61E4-459F-AAF1-89A77627AF66}.AppStore|Any CPU.Build.0 = Debug|Any CPU
		{7CA289C3-61E4-459F-AAF1-89A77627AF66}.AppStore|ARM.ActiveCfg = Debug|Any CPU
		{7CA289C3-61E4-459F-AAF1-89A77627AF66}.AppStore|ARM.Build.0 = Debug|Any CPU
		{7CA289C3-61E4-459F-AAF1-89A77627AF66}.AppStore|iPhone.ActiveCfg = Debug|Any CPU
		{7CA289C3-61E4-459F-AAF1-89A77627AF66}.AppStore|iPhone.Build.0 = Debug|Any CPU
		{7CA289C3-61E4-459F-AAF1-89A77627AF66}.AppStore|iPhoneSimulator.ActiveCfg = Debug|Any CPU
		{7CA289C3-61E4-459F-AAF1-89A77627AF66}.AppStore|iPhoneSimulator.Build.0 = Debug|Any CPU
		{7CA289C3-61E4-459F-AAF1-89A77627AF66}.AppStore|x64.ActiveCfg = Debug|Any CPU
		{7CA289C3-61E4-459F-AAF1-89A77627AF66}.AppStore|x64.Build.0 = Debug|Any CPU
		{7CA289C3-61E4-459F-AAF1-89A77627AF66}.AppStore|x86.ActiveCfg = Debug|Any CPU
		{7CA289C3-61E4-459F-AAF1-89A77627AF66}.AppStore|x86.Build.0 = Debug|Any CPU
		{7CA289C3-61E4-459F-AAF1-89A77627AF66}.Debug|Any CPU.ActiveCfg = Debug|Any CPU
		{7CA289C3-61E4-459F-AAF1-89A77627AF66}.Debug|Any CPU.Build.0 = Debug|Any CPU
		{7CA289C3-61E4-459F-AAF1-89A77627AF66}.Debug|ARM.ActiveCfg = Debug|Any CPU
		{7CA289C3-61E4-459F-AAF1-89A77627AF66}.Debug|ARM.Build.0 = Debug|Any CPU
		{7CA289C3-61E4-459F-AAF1-89A77627AF66}.Debug|iPhone.ActiveCfg = Debug|Any CPU
		{7CA289C3-61E4-459F-AAF1-89A77627AF66}.Debug|iPhone.Build.0 = Debug|Any CPU
		{7CA289C3-61E4-459F-AAF1-89A77627AF66}.Debug|iPhoneSimulator.ActiveCfg = Debug|Any CPU
		{7CA289C3-61E4-459F-AAF1-89A77627AF66}.Debug|iPhoneSimulator.Build.0 = Debug|Any CPU
		{7CA289C3-61E4-459F-AAF1-89A77627AF66}.Debug|x64.ActiveCfg = Debug|Any CPU
		{7CA289C3-61E4-459F-AAF1-89A77627AF66}.Debug|x64.Build.0 = Debug|Any CPU
		{7CA289C3-61E4-459F-AAF1-89A77627AF66}.Debug|x86.ActiveCfg = Debug|Any CPU
		{7CA289C3-61E4-459F-AAF1-89A77627AF66}.Debug|x86.Build.0 = Debug|Any CPU
		{7CA289C3-61E4-459F-AAF1-89A77627AF66}.Release|Any CPU.ActiveCfg = Release|Any CPU
		{7CA289C3-61E4-459F-AAF1-89A77627AF66}.Release|Any CPU.Build.0 = Release|Any CPU
		{7CA289C3-61E4-459F-AAF1-89A77627AF66}.Release|ARM.ActiveCfg = Release|Any CPU
		{7CA289C3-61E4-459F-AAF1-89A77627AF66}.Release|ARM.Build.0 = Release|Any CPU
		{7CA289C3-61E4-459F-AAF1-89A77627AF66}.Release|iPhone.ActiveCfg = Release|Any CPU
		{7CA289C3-61E4-459F-AAF1-89A77627AF66}.Release|iPhone.Build.0 = Release|Any CPU
		{7CA289C3-61E4-459F-AAF1-89A77627AF66}.Release|iPhoneSimulator.ActiveCfg = Release|Any CPU
		{7CA289C3-61E4-459F-AAF1-89A77627AF66}.Release|iPhoneSimulator.Build.0 = Release|Any CPU
		{7CA289C3-61E4-459F-AAF1-89A77627AF66}.Release|x64.ActiveCfg = Release|Any CPU
		{7CA289C3-61E4-459F-AAF1-89A77627AF66}.Release|x64.Build.0 = Release|Any CPU
		{7CA289C3-61E4-459F-AAF1-89A77627AF66}.Release|x86.ActiveCfg = Release|Any CPU
		{7CA289C3-61E4-459F-AAF1-89A77627AF66}.Release|x86.Build.0 = Release|Any CPU
		{E6007C35-858C-42E6-B214-D6C01FD8113E}.Ad-Hoc|Any CPU.ActiveCfg = Release|Any CPU
		{E6007C35-858C-42E6-B214-D6C01FD8113E}.Ad-Hoc|Any CPU.Build.0 = Release|Any CPU
		{E6007C35-858C-42E6-B214-D6C01FD8113E}.Ad-Hoc|ARM.ActiveCfg = Release|Any CPU
		{E6007C35-858C-42E6-B214-D6C01FD8113E}.Ad-Hoc|ARM.Build.0 = Release|Any CPU
		{E6007C35-858C-42E6-B214-D6C01FD8113E}.Ad-Hoc|iPhone.ActiveCfg = Release|Any CPU
		{E6007C35-858C-42E6-B214-D6C01FD8113E}.Ad-Hoc|iPhone.Build.0 = Release|Any CPU
		{E6007C35-858C-42E6-B214-D6C01FD8113E}.Ad-Hoc|iPhoneSimulator.ActiveCfg = Release|Any CPU
		{E6007C35-858C-42E6-B214-D6C01FD8113E}.Ad-Hoc|iPhoneSimulator.Build.0 = Release|Any CPU
		{E6007C35-858C-42E6-B214-D6C01FD8113E}.Ad-Hoc|x64.ActiveCfg = Release|Any CPU
		{E6007C35-858C-42E6-B214-D6C01FD8113E}.Ad-Hoc|x64.Build.0 = Release|Any CPU
		{E6007C35-858C-42E6-B214-D6C01FD8113E}.Ad-Hoc|x86.ActiveCfg = Release|Any CPU
		{E6007C35-858C-42E6-B214-D6C01FD8113E}.Ad-Hoc|x86.Build.0 = Release|Any CPU
		{E6007C35-858C-42E6-B214-D6C01FD8113E}.AppStore|Any CPU.ActiveCfg = Release|Any CPU
		{E6007C35-858C-42E6-B214-D6C01FD8113E}.AppStore|Any CPU.Build.0 = Release|Any CPU
		{E6007C35-858C-42E6-B214-D6C01FD8113E}.AppStore|ARM.ActiveCfg = Release|Any CPU
		{E6007C35-858C-42E6-B214-D6C01FD8113E}.AppStore|ARM.Build.0 = Release|Any CPU
		{E6007C35-858C-42E6-B214-D6C01FD8113E}.AppStore|iPhone.ActiveCfg = Release|Any CPU
		{E6007C35-858C-42E6-B214-D6C01FD8113E}.AppStore|iPhone.Build.0 = Release|Any CPU
		{E6007C35-858C-42E6-B214-D6C01FD8113E}.AppStore|iPhoneSimulator.ActiveCfg = Release|Any CPU
		{E6007C35-858C-42E6-B214-D6C01FD8113E}.AppStore|iPhoneSimulator.Build.0 = Release|Any CPU
		{E6007C35-858C-42E6-B214-D6C01FD8113E}.AppStore|x64.ActiveCfg = Release|Any CPU
		{E6007C35-858C-42E6-B214-D6C01FD8113E}.AppStore|x64.Build.0 = Release|Any CPU
		{E6007C35-858C-42E6-B214-D6C01FD8113E}.AppStore|x86.ActiveCfg = Release|Any CPU
		{E6007C35-858C-42E6-B214-D6C01FD8113E}.AppStore|x86.Build.0 = Release|Any CPU
		{E6007C35-858C-42E6-B214-D6C01FD8113E}.Debug|Any CPU.ActiveCfg = Debug|Any CPU
		{E6007C35-858C-42E6-B214-D6C01FD8113E}.Debug|Any CPU.Build.0 = Debug|Any CPU
		{E6007C35-858C-42E6-B214-D6C01FD8113E}.Debug|ARM.ActiveCfg = Debug|Any CPU
		{E6007C35-858C-42E6-B214-D6C01FD8113E}.Debug|ARM.Build.0 = Debug|Any CPU
		{E6007C35-858C-42E6-B214-D6C01FD8113E}.Debug|iPhone.ActiveCfg = Debug|Any CPU
		{E6007C35-858C-42E6-B214-D6C01FD8113E}.Debug|iPhone.Build.0 = Debug|Any CPU
		{E6007C35-858C-42E6-B214-D6C01FD8113E}.Debug|iPhoneSimulator.ActiveCfg = Debug|Any CPU
		{E6007C35-858C-42E6-B214-D6C01FD8113E}.Debug|iPhoneSimulator.Build.0 = Debug|Any CPU
		{E6007C35-858C-42E6-B214-D6C01FD8113E}.Debug|x64.ActiveCfg = Debug|Any CPU
		{E6007C35-858C-42E6-B214-D6C01FD8113E}.Debug|x64.Build.0 = Debug|Any CPU
		{E6007C35-858C-42E6-B214-D6C01FD8113E}.Debug|x86.ActiveCfg = Debug|Any CPU
		{E6007C35-858C-42E6-B214-D6C01FD8113E}.Debug|x86.Build.0 = Debug|Any CPU
		{E6007C35-858C-42E6-B214-D6C01FD8113E}.Release|Any CPU.ActiveCfg = Release|Any CPU
		{E6007C35-858C-42E6-B214-D6C01FD8113E}.Release|Any CPU.Build.0 = Release|Any CPU
		{E6007C35-858C-42E6-B214-D6C01FD8113E}.Release|ARM.ActiveCfg = Release|Any CPU
		{E6007C35-858C-42E6-B214-D6C01FD8113E}.Release|ARM.Build.0 = Release|Any CPU
		{E6007C35-858C-42E6-B214-D6C01FD8113E}.Release|iPhone.ActiveCfg = Release|Any CPU
		{E6007C35-858C-42E6-B214-D6C01FD8113E}.Release|iPhone.Build.0 = Release|Any CPU
		{E6007C35-858C-42E6-B214-D6C01FD8113E}.Release|iPhoneSimulator.ActiveCfg = Release|Any CPU
		{E6007C35-858C-42E6-B214-D6C01FD8113E}.Release|iPhoneSimulator.Build.0 = Release|Any CPU
		{E6007C35-858C-42E6-B214-D6C01FD8113E}.Release|x64.ActiveCfg = Release|Any CPU
		{E6007C35-858C-42E6-B214-D6C01FD8113E}.Release|x64.Build.0 = Release|Any CPU
		{E6007C35-858C-42E6-B214-D6C01FD8113E}.Release|x86.ActiveCfg = Release|Any CPU
		{E6007C35-858C-42E6-B214-D6C01FD8113E}.Release|x86.Build.0 = Release|Any CPU
	EndGlobalSection
	GlobalSection(SolutionProperties) = preSolution
		HideSolutionNode = FALSE
	EndGlobalSection
	GlobalSection(ExtensibilityGlobals) = postSolution
		SolutionGuid = {8D3BBD4F-6E37-43C9-A1B8-D00ACB9501C1}
	EndGlobalSection
EndGlobal
